# This file is autogenerated, do not edit; changes may be undone by the next 'dep ensure'.


[[projects]]
  name = "github.com/daviddengcn/go-colortext"
  packages = ["."]
  revision = "17e75f6184bc9e727756cd0d82e0af58b1fc7191"
  version = "1.0.0"

[[projects]]
  name = "github.com/dualface/go-cli-colorlog"
  packages = ["."]
  revision = "2a1b6e6fd283a7a96cd60070d73c31d88f1a7391"
  version = "0.0.1"

[[projects]]
  name = "github.com/golang/protobuf"
  packages = ["proto"]
  revision = "b4deda0973fb4c70b50d226b1af49f3da59f5265"
  version = "v1.1.0"

[[projects]]
  branch = "master"
  name = "github.com/yuin/gopher-lua"
  packages = [
    ".",
    "ast",
    "parse",
    "pm"
  ]
  revision = "46796da1b0b4794e1e341883a399f12cc7574b55"

[solve-meta]
  analyzer-name = "dep"
  analyzer-version = 1
  inputs-digest = "3ededbf73795aad67428424511111b7b1ebc4d67f5bdad9db0fc35022cb6edfd"
  solver-name = "gps-cdcl"
  solver-version = 1
