# This file is autogenerated, do not edit; changes may be undone by the next 'dep ensure'.


[[projects]]
  name = "github.com/daviddengcn/go-colortext"
  packages = ["."]
  revision = "17e75f6184bc9e727756cd0d82e0af58b1fc7191"
  version = "1.0.0"

[[projects]]
  name = "github.com/dualface/go-cli-colorlog"
  packages = ["."]
  revision = "2a1b6e6fd283a7a96cd60070d73c31d88f1a7391"
  version = "0.0.1"

[[projects]]
  branch = "master"
  name = "github.com/globalsign/mgo"
  packages = [
    ".",
    "bson",
    "internal/json",
    "internal/sasl",
    "internal/scram"
  ]
  revision = "113d3961e7311526535a1ef7042196563d442761"

[[projects]]
  name = "github.com/golang/protobuf"
  packages = ["proto"]
  revision = "b4deda0973fb4c70b50d226b1af49f3da59f5265"
  version = "v1.1.0"

[[projects]]
  branch = "master"
  name = "github.com/yuin/gopher-lua"
  packages = [
    ".",
    "ast",
    "parse",
    "pm"
  ]
  revision = "46796da1b0b4794e1e341883a399f12cc7574b55"

[[projects]]
  name = "layeh.com/gopher-luar"
  packages = ["."]
  revision = "2518c8179c6de77f760f5a82df43f6f9a8ad8657"
  version = "v1.0.4"

[solve-meta]
  analyzer-name = "dep"
  analyzer-version = 1
  inputs-digest = "8ad8c0c00e34a280bbacf917c7e5ccc8e7654a622e5a73e7b90981df7bd3ba94"
  solver-name = "gps-cdcl"
  solver-version = 1
