# This file is autogenerated, do not edit; changes may be undone by the next 'dep ensure'.


[[projects]]
  name = "github.com/daviddengcn/go-colortext"
  packages = ["."]
  revision = "17e75f6184bc9e727756cd0d82e0af58b1fc7191"
  version = "1.0.0"

[[projects]]
  name = "github.com/dualface/go-cli-colorlog"
  packages = ["."]
  revision = "2a1b6e6fd283a7a96cd60070d73c31d88f1a7391"
  version = "0.0.1"

[solve-meta]
  analyzer-name = "dep"
  analyzer-version = 1
  inputs-digest = "988b6312c912a710d45ac1ab2accbe628447f1d36af6e3b97045d11f2639ad72"
  solver-name = "gps-cdcl"
  solver-version = 1
